{
  "nodes": {
    "cargo2nix": {
      "inputs": {
        "flake-utils": [
          "utils"
        ],
        "nixpkgs": [
          "nixpkgs"
        ],
        "rust-overlay": [
          "rust-overlay"
        ]
      },
      "locked": {
        "lastModified": 1645078123,
        "narHash": "sha256-58j/RYmCHpNuZeyWq2Sg5it6iC6jkZ/XXXHiW5cB2xQ=",
        "owner": "flibrary",
        "repo": "cargo2nix",
        "rev": "e2a4c33f1014042bddadfc36a8be6b3ba7964955",
        "type": "github"
      },
      "original": {
        "owner": "flibrary",
        "ref": "master",
        "repo": "cargo2nix",
        "type": "github"
      }
    },
    "nixpkgs": {
      "locked": {
        "lastModified": 1650999341,
        "narHash": "sha256-ByTuyLx5k2kjo0qClN74MXOLxjfyKr3bZ4d9O6n0FeQ=",
        "owner": "nixos",
        "repo": "nixpkgs",
        "rev": "a5282b8bfc8ba84ce2f7ec6da470d16f579a1419",
        "type": "github"
      },
      "original": {
        "owner": "nixos",
        "ref": "nixpkgs-unstable",
        "repo": "nixpkgs",
        "type": "github"
      }
    },
    "root": {
      "inputs": {
        "cargo2nix": "cargo2nix",
        "nixpkgs": "nixpkgs",
        "rust-overlay": "rust-overlay",
        "utils": "utils"
      }
    },
    "rust-overlay": {
      "inputs": {
        "flake-utils": [
          "utils"
        ],
        "nixpkgs": [
          "nixpkgs"
        ]
      },
      "locked": {
        "lastModified": 1651027770,
        "narHash": "sha256-L1tl7tezuIkDUgMkcDpg8zkfzPsysp2BMb4a7pT439s=",
        "owner": "oxalica",
        "repo": "rust-overlay",
        "rev": "628301be224ea8822f043fe9de9299dbcb356a3c",
        "type": "github"
      },
      "original": {
        "owner": "oxalica",
        "repo": "rust-overlay",
        "type": "github"
      }
    },
    "utils": {
      "locked": {
        "lastModified": 1649676176,
        "narHash": "sha256-OWKJratjt2RW151VUlJPRALb7OU2S5s+f0vLj4o1bHM=",
        "owner": "numtide",
        "repo": "flake-utils",
        "rev": "a4b154ebbdc88c8498a5c7b01589addc9e9cb678",
        "type": "github"
      },
      "original": {
        "owner": "numtide",
        "repo": "flake-utils",
        "type": "github"
      }
    }
  },
  "root": "root",
  "version": 7
}
